// !$*UTF8*$!
{
	archiveVersion = 1;
	classes = {
	};
	objectVersion = 46;
	objects = {

/* Begin PBXBuildFile section */
		5E978D9B1EA0512600773790 /* main.m in Sources */ = {isa = PBXBuildFile; fileRef = 5E978D9A1EA0512600773790 /* main.m */; };
		5E978D9E1EA0512600773790 /* AppDelegate.m in Sources */ = {isa = PBXBuildFile; fileRef = 5E978D9D1EA0512600773790 /* AppDelegate.m */; };
		5E978DA11EA0512600773790 /* ViewController.m in Sources */ = {isa = PBXBuildFile; fileRef = 5E978DA01EA0512600773790 /* ViewController.m */; };
		5E978DA41EA0512600773790 /* Main.storyboard in Resources */ = {isa = PBXBuildFile; fileRef = 5E978DA21EA0512600773790 /* Main.storyboard */; };
		5E978DA61EA0512600773790 /* Assets.xcassets in Resources */ = {isa = PBXBuildFile; fileRef = 5E978DA51EA0512600773790 /* Assets.xcassets */; };
		5E978DA91EA0512600773790 /* LaunchScreen.storyboard in Resources */ = {isa = PBXBuildFile; fileRef = 5E978DA71EA0512600773790 /* LaunchScreen.storyboard */; };
/* End PBXBuildFile section */

/* Begin PBXFileReference section */
		5E978D961EA0512600773790 /* YHQR_Code.app */ = {isa = PBXFileReference; explicitFileType = wrapper.application; includeInIndex = 0; path = YHQR_Code.app; sourceTree = BUILT_PRODUCTS_DIR; };
		5E978D9A1EA0512600773790 /* main.m */ = {isa = PBXFileReference; lastKnownFileType = sourcecode.c.objc; path = main.m; sourceTree = "<group>"; };
		5E978D9C1EA0512600773790 /* AppDelegate.h */ = {isa = PBXFileReference; lastKnownFileType = sourcecode.c.h; path = AppDelegate.h; sourceTree = "<group>"; };
		5E978D9D1EA0512600773790 /* AppDelegate.m */ = {isa = PBXFileReference; lastKnownFileType = sourcecode.c.objc; path = AppDelegate.m; sourceTree = "<group>"; };
		5E978D9F1EA0512600773790 /* ViewController.h */ = {isa = PBXFileReference; lastKnownFileType = sourcecode.c.h; path = ViewController.h; sourceTree = "<group>"; };
		5E978DA01EA0512600773790 /* ViewController.m */ = {isa = PBXFileReference; lastKnownFileType = sourcecode.c.objc; path = ViewController.m; sourceTree = "<group>"; };
		5E978DA31EA0512600773790 /* Base */ = {isa = PBXFileReference; lastKnownFileType = file.storyboard; name = Base; path = Base.lproj/Main.storyboard; sourceTree = "<group>"; };
		5E978DA51EA0512600773790 /* Assets.xcassets */ = {isa = PBXFileReference; lastKnownFileType = folder.assetcatalog; path = Assets.xcassets; sourceTree = "<group>"; };
		5E978DA81EA0512600773790 /* Base */ = {isa = PBXFileReference; lastKnownFileType = file.storyboard; name = Base; path = Base.lproj/LaunchScreen.storyboard; sourceTree = "<group>"; };
		5E978DAA1EA0512600773790 /* Info.plist */ = {isa = PBXFileReference; lastKnownFileType = text.plist.xml; path = Info.plist; sourceTree = "<group>"; };
/* End PBXFileReference section */

/* Begin PBXFrameworksBuildPhase section */
		5E978D931EA0512600773790 /* Frameworks */ = {
			isa = PBXFrameworksBuildPhase;
			buildActionMask = 2147483647;
			files = (
			);
			runOnlyForDeploymentPostprocessing = 0;
		};
/* End PBXFrameworksBuildPhase section */

/* Begin PBXGroup section */
		5E978D8D1EA0512600773790 = {
			isa = PBXGroup;
			children = (
				5E978D981EA0512600773790 /* YHQR_Code */,
				5E978D971EA0512600773790 /* Products */,
			);
			sourceTree = "<group>";
		};
		5E978D971EA0512600773790 /* Products */ = {
			isa = PBXGroup;
			children = (
				5E978D961EA0512600773790 /* YHQR_Code.app */,
			);
			name = Products;
			sourceTree = "<group>";
		};
		5E978D981EA0512600773790 /* YHQR_Code */ = {
			isa = PBXGroup;
			children = (
				5E978D9C1EA0512600773790 /* AppDelegate.h */,
				5E978D9D1EA0512600773790 /* AppDelegate.m */,
				5E978D9F1EA0512600773790 /* ViewController.h */,
				5E978DA01EA0512600773790 /* ViewController.m */,
				5E978DA21EA0512600773790 /* Main.storyboard */,
				5E978DA51EA0512600773790 /* Assets.xcassets */,
				5E978DA71EA0512600773790 /* LaunchScreen.storyboard */,
				5E978DAA1EA0512600773790 /* Info.plist */,
				5E978D991EA0512600773790 /* Supporting Files */,
			);
			path = YHQR_Code;
			sourceTree = "<group>";
		};
		5E978D991EA0512600773790 /* Supporting Files */ = {
			isa = PBXGroup;
			children = (
				5E978D9A1EA0512600773790 /* main.m */,
			);
			name = "Supporting Files";
			sourceTree = "<group>";
		};
/* End PBXGroup section */

/* Begin PBXNativeTarget section */
		5E978D951EA0512600773790 /* YHQR_Code */ = {
			isa = PBXNativeTarget;
			buildConfigurationList = 5E978DAD1EA0512600773790 /* Build configuration list for PBXNativeTarget "YHQR_Code" */;
			buildPhases = (
				5E978D921EA0512600773790 /* Sources */,
				5E978D931EA0512600773790 /* Frameworks */,
				5E978D941EA0512600773790 /* Resources */,
			);
			buildRules = (
			);
			dependencies = (
			);
			name = YHQR_Code;
			productName = YHQR_Code;
			productReference = 5E978D961EA0512600773790 /* YHQR_Code.app */;
			productType = "com.apple.product-type.application";
		};
/* End PBXNativeTarget section */

/* Begin PBXProject section */
		5E978D8E1EA0512600773790 /* Project object */ = {
			isa = PBXProject;
			attributes = {
				LastUpgradeCheck = 0820;
				ORGANIZATIONNAME = "樊义红";
				TargetAttributes = {
					5E978D951EA0512600773790 = {
						CreatedOnToolsVersion = 8.2;
						DevelopmentTeam = M24EDP9JNV;
						ProvisioningStyle = Automatic;
					};
				};
			};
			buildConfigurationList = 5E978D911EA0512600773790 /* Build configuration list for PBXProject "YHQR_Code" */;
			compatibilityVersion = "Xcode 3.2";
			developmentRegion = English;
			hasScannedForEncodings = 0;
			knownRegions = (
				en,
				Base,
			);
			mainGroup = 5E978D8D1EA0512600773790;
			productRefGroup = 5E978D971EA0512600773790 /* Products */;
			projectDirPath = "";
			projectRoot = "";
			targets = (
				5E978D951EA0512600773790 /* YHQR_Code */,
			);
		};
/* End PBXProject section */

/* Begin PBXResourcesBuildPhase section */
		5E978D941EA0512600773790 /* Resources */ = {
			isa = PBXResourcesBuildPhase;
			buildActionMask = 2147483647;
			files = (
				5E978DA91EA0512600773790 /* LaunchScreen.storyboard in Resources */,
				5E978DA61EA0512600773790 /* Assets.xcassets in Resources */,
				5E978DA41EA0512600773790 /* Main.storyboard in Resources */,
			);
			runOnlyForDeploymentPostprocessing = 0;
		};
/* End PBXResourcesBuildPhase section */

/* Begin PBXSourcesBuildPhase section */
		5E978D921EA0512600773790 /* Sources */ = {
			isa = PBXSourcesBuildPhase;
			buildActionMask = 2147483647;
			files = (
				5E978DA11EA0512600773790 /* ViewController.m in Sources */,
				5E978D9E1EA0512600773790 /* AppDelegate.m in Sources */,
				5E978D9B1EA0512600773790 /* main.m in Sources */,
			);
			runOnlyForDeploymentPostprocessing = 0;
		};
/* End PBXSourcesBuildPhase section */

/* Begin PBXVariantGroup section */
		5E978DA21EA0512600773790 /* Main.storyboard */ = {
			isa = PBXVariantGroup;
			children = (
				5E978DA31EA0512600773790 /* Base */,
			);
			name = Main.storyboard;
			sourceTree = "<group>";
		};
		5E978DA71EA0512600773790 /* LaunchScreen.storyboard */ = {
			isa = PBXVariantGroup;
			children = (
				5E978DA81EA0512600773790 /* Base */,
			);
			name = LaunchScreen.storyboard;
			sourceTree = "<group>";
		};
/* End PBXVariantGroup section */

/* Begin XCBuildConfiguration section */
		5E978DAB1EA0512600773790 /* Debug */ = {
			isa = XCBuildConfiguration;
			buildSettings = {
				ALWAYS_SEARCH_USER_PATHS = NO;
				CLANG_ANALYZER_NONNULL = YES;
				CLANG_CXX_LANGUAGE_STANDARD = "gnu++0x";
				CLANG_CXX_LIBRARY = "libc++";
				CLANG_ENABLE_MODULES = YES;
				CLANG_ENABLE_OBJC_ARC = YES;
				CLANG_WARN_BOOL_CONVERSION = YES;
				CLANG_WARN_CONSTANT_CONVERSION = YES;
				CLANG_WARN_DIRECT_OBJC_ISA_USAGE = YES_ERROR;
				CLANG_WARN_DOCUMENTATION_COMMENTS = YES;
				CLANG_WARN_EMPTY_BODY = YES;
				CLANG_WARN_ENUM_CONVERSION = YES;
				CLANG_WARN_INFINITE_RECURSION = YES;
				CLANG_WARN_INT_CONVERSION = YES;
				CLANG_WARN_OBJC_ROOT_CLASS = YES_ERROR;
				CLANG_WARN_SUSPICIOUS_MOVE = YES;
				CLANG_WARN_UNREACHABLE_CODE = YES;
				CLANG_WARN__DUPLICATE_METHOD_MATCH = YES;
				"CODE_SIGN_IDENTITY[sdk=iphoneos*]" = "iPhone Developer";
				COPY_PHASE_STRIP = NO;
				DEBUG_INFORMATION_FORMAT = dwarf;
				ENABLE_STRICT_OBJC_MSGSEND = YES;
				ENABLE_TESTABILITY = YES;
				GCC_C_LANGUAGE_STANDARD = gnu99;
				GCC_DYNAMIC_NO_PIC = NO;
				GCC_NO_COMMON_BLOCKS = YES;
				GCC_OPTIMIZATION_LEVEL = 0;
				GCC_PREPROCESSOR_DEFINITIONS = (
					"DEBUG=1",
					"$(inherited)",
				);
				GCC_WARN_64_TO_32_BIT_CONVERSION = YES;
				GCC_WARN_ABOUT_RETURN_TYPE = YES_ERROR;
				GCC_WARN_UNDECLARED_SELECTOR = YES;
				GCC_WARN_UNINITIALIZED_AUTOS = YES_AGGRESSIVE;
				GCC_WARN_UNUSED_FUNCTION = YES;
				GCC_WARN_UNUSED_VARIABLE = YES;
				IPHONEOS_DEPLOYMENT_TARGET = 10.2;
				MTL_ENABLE_DEBUG_INFO = YES;
				ONLY_ACTIVE_ARCH = YES;
				SDKROOT = iphoneos;
			};
			name = Debug;
		};
		5E978DAC1EA0512600773790 /* Release */ = {
			isa = XCBuildConfiguration;
			buildSettings = {
				ALWAYS_SEARCH_USER_PATHS = NO;
				CLANG_ANALYZER_NONNULL = YES;
				CLANG_CXX_LANGUAGE_STANDARD = "gnu++0x";
				CLANG_CXX_LIBRARY = "libc++";
				CLANG_ENABLE_MODULES = YES;
				CLANG_ENABLE_OBJC_ARC = YES;
				CLANG_WARN_BOOL_CONVERSION = YES;
				CLANG_WARN_CONSTANT_CONVERSION = YES;
				CLANG_WARN_DIRECT_OBJC_ISA_USAGE = YES_ERROR;
				CLANG_WARN_DOCUMENTATION_COMMENTS = YES;
				CLANG_WARN_EMPTY_BODY = YES;
				CLANG_WARN_ENUM_CONVERSION = YES;
				CLANG_WARN_INFINITE_RECURSION = YES;
				CLANG_WARN_INT_CONVERSION = YES;
				CLANG_WARN_OBJC_ROOT_CLASS = YES_ERROR;
				CLANG_WARN_SUSPICIOUS_MOVE = YES;
				CLANG_WARN_UNREACHABLE_CODE = YES;
				CLANG_WARN__DUPLICATE_METHOD_MATCH = YES;
				"CODE_SIGN_IDENTITY[sdk=iphoneos*]" = "iPhone Developer";
				COPY_PHASE_STRIP = NO;
				DEBUG_INFORMATION_FORMAT = "dwarf-with-dsym";
				ENABLE_NS_ASSERTIONS = NO;
				ENABLE_STRICT_OBJC_MSGSEND = YES;
				GCC_C_LANGUAGE_STANDARD = gnu99;
				GCC_NO_COMMON_BLOCKS = YES;
				GCC_WARN_64_TO_32_BIT_CONVERSION = YES;
				GCC_WARN_ABOUT_RETURN_TYPE = YES_ERROR;
				GCC_WARN_UNDECLARED_SELECTOR = YES;
				GCC_WARN_UNINITIALIZED_AUTOS = YES_AGGRESSIVE;
				GCC_WARN_UNUSED_FUNCTION = YES;
				GCC_WARN_UNUSED_VARIABLE = YES;
				IPHONEOS_DEPLOYMENT_TARGET = 10.2;
				MTL_ENABLE_DEBUG_INFO = NO;
				SDKROOT = iphoneos;
				VALIDATE_PRODUCT = YES;
			};
			name = Release;
		};
		5E978DAE1EA0512600773790 /* Debug */ = {
			isa = XCBuildConfiguration;
			buildSettings = {
				ASSETCATALOG_COMPILER_APPICON_NAME = AppIcon;
				DEVELOPMENT_TEAM = M24EDP9JNV;
				INFOPLIST_FILE = YHQR_Code/Info.plist;
				LD_RUNPATH_SEARCH_PATHS = "$(inherited) @executable_path/Frameworks";
				PRODUCT_BUNDLE_IDENTIFIER = "com.yiyun.yaoyao.YHQR-Code";
				PRODUCT_NAME = "$(TARGET_NAME)";
			};
			name = Debug;
		};
		5E978DAF1EA0512600773790 /* Release */ = {
			isa = XCBuildConfiguration;
			buildSettings = {
				ASSETCATALOG_COMPILER_APPICON_NAME = AppIcon;
				DEVELOPMENT_TEAM = M24EDP9JNV;
				INFOPLIST_FILE = YHQR_Code/Info.plist;
				LD_RUNPATH_SEARCH_PATHS = "$(inherited) @executable_path/Frameworks";
				PRODUCT_BUNDLE_IDENTIFIER = "com.yiyun.yaoyao.YHQR-Code";
				PRODUCT_NAME = "$(TARGET_NAME)";
			};
			name = Release;
		};
/* End XCBuildConfiguration section */

/* Begin XCConfigurationList section */
		5E978D911EA0512600773790 /* Build configuration list for PBXProject "YHQR_Code" */ = {
			isa = XCConfigurationList;
			buildConfigurations = (
				5E978DAB1EA0512600773790 /* Debug */,
				5E978DAC1EA0512600773790 /* Release */,
			);
			defaultConfigurationIsVisible = 0;
			defaultConfigurationName = Release;
		};
		5E978DAD1EA0512600773790 /* Build configuration list for PBXNativeTarget "YHQR_Code" */ = {
			isa = XCConfigurationList;
			buildConfigurations = (
				5E978DAE1EA0512600773790 /* Debug */,
				5E978DAF1EA0512600773790 /* Release */,
			);
			defaultConfigurationIsVisible = 0;
		};
/* End XCConfigurationList section */
	};
	rootObject = 5E978D8E1EA0512600773790 /* Project object */;
}
